
Microsoft Visual Studio Solution File, Format Version 12.00
# Visual Studio 14
VisualStudioVersion = 14.0.25420.1
MinimumVisualStudioVersion = 10.0.40219.1
Project("{FAE04EC0-301F-11D3-BF4B-00C04F79EFBC}") = "SolaceXLCore", "SolaceXLCore\SolaceXLCore.csproj", "{FE708B87-5C0F-465D-962F-87A526E2906A}"
EndProject
Project("{FAE04EC0-301F-11D3-BF4B-00C04F79EFBC}") = "SolaceXLAddIn", "SolaceXLAddIn\SolaceXLAddIn.csproj", "{7E958A6F-4E2A-4619-A0B2-2B3EB7E15E5B}"
EndProject
Global
	GlobalSection(SolutionConfigurationPlatforms) = preSolution
		Debug|Any CPU = Debug|Any CPU
		Release|Any CPU = Release|Any CPU
	EndGlobalSection
	GlobalSection(ProjectConfigurationPlatforms) = postSolution
		{FE708B87-5C0F-465D-962F-87A526E2906A}.Debug|Any CPU.ActiveCfg = Debug|Any CPU
		{FE708B87-5C0F-465D-962F-87A526E2906A}.Debug|Any CPU.Build.0 = Debug|Any CPU
		{FE708B87-5C0F-465D-962F-87A526E2906A}.Release|Any CPU.ActiveCfg = Release|Any CPU
		{FE708B87-5C0F-465D-962F-87A526E2906A}.Release|Any CPU.Build.0 = Release|Any CPU
		{7E958A6F-4E2A-4619-A0B2-2B3EB7E15E5B}.Debug|Any CPU.ActiveCfg = Debug|Any CPU
		{7E958A6F-4E2A-4619-A0B2-2B3EB7E15E5B}.Debug|Any CPU.Build.0 = Debug|Any CPU
		{7E958A6F-4E2A-4619-A0B2-2B3EB7E15E5B}.Release|Any CPU.ActiveCfg = Release|Any CPU
		{7E958A6F-4E2A-4619-A0B2-2B3EB7E15E5B}.Release|Any CPU.Build.0 = Release|Any CPU
	EndGlobalSection
	GlobalSection(SolutionProperties) = preSolution
		HideSolutionNode = FALSE
	EndGlobalSection
EndGlobal
